// !$*UTF8*$!
{
	archiveVersion = 1;
	classes = {
	};
	objectVersion = 56;
	objects = {

/* Begin PBXBuildFile section */
		E10FA3752B1B4B5E00F3FAEC /* AppDelegate.swift in Sources */ = {isa = PBXBuildFile; fileRef = E10FA3742B1B4B5E00F3FAEC /* AppDelegate.swift */; };
		E10FA3772B1B4B5E00F3FAEC /* SceneDelegate.swift in Sources */ = {isa = PBXBuildFile; fileRef = E10FA3762B1B4B5E00F3FAEC /* SceneDelegate.swift */; };
		E10FA37E2B1B4B6000F3FAEC /* Assets.xcassets in Resources */ = {isa = PBXBuildFile; fileRef = E10FA37D2B1B4B6000F3FAEC /* Assets.xcassets */; };
		E10FA3812B1B4B6000F3FAEC /* LaunchScreen.storyboard in Resources */ = {isa = PBXBuildFile; fileRef = E10FA37F2B1B4B6000F3FAEC /* LaunchScreen.storyboard */; };
		E10FA3912B1B4D0000F3FAEC /* PasswordsViewController.swift in Sources */ = {isa = PBXBuildFile; fileRef = E10FA3902B1B4D0000F3FAEC /* PasswordsViewController.swift */; };
		E10FA3932B1B4D2D00F3FAEC /* SettingsViewController.swift in Sources */ = {isa = PBXBuildFile; fileRef = E10FA3922B1B4D2D00F3FAEC /* SettingsViewController.swift */; };
		E10FA3952B1B4D4000F3FAEC /* CategoriesViewController.swift in Sources */ = {isa = PBXBuildFile; fileRef = E10FA3942B1B4D4000F3FAEC /* CategoriesViewController.swift */; };
		E10FA3972B1B4D6000F3FAEC /* PhotosViewController.swift in Sources */ = {isa = PBXBuildFile; fileRef = E10FA3962B1B4D6000F3FAEC /* PhotosViewController.swift */; };
		E10FA39D2B1B4DF400F3FAEC /* BaseViewController.swift in Sources */ = {isa = PBXBuildFile; fileRef = E10FA39C2B1B4DF400F3FAEC /* BaseViewController.swift */; };
		E10FA3A12B1B4FA200F3FAEC /* TabBarViewController.swift in Sources */ = {isa = PBXBuildFile; fileRef = E10FA3A02B1B4FA200F3FAEC /* TabBarViewController.swift */; };
		E10FA3A32B1B4FB200F3FAEC /* TabBar.storyboard in Resources */ = {isa = PBXBuildFile; fileRef = E10FA3A22B1B4FB200F3FAEC /* TabBar.storyboard */; };
		E10FA3A62B1B7CCE00F3FAEC /* Constants.swift in Sources */ = {isa = PBXBuildFile; fileRef = E10FA3A52B1B7CCE00F3FAEC /* Constants.swift */; };
/* End PBXBuildFile section */

/* Begin PBXFileReference section */
		E10FA3712B1B4B5E00F3FAEC /* Ziroh.app */ = {isa = PBXFileReference; explicitFileType = wrapper.application; includeInIndex = 0; path = Ziroh.app; sourceTree = BUILT_PRODUCTS_DIR; };
		E10FA3742B1B4B5E00F3FAEC /* AppDelegate.swift */ = {isa = PBXFileReference; lastKnownFileType = sourcecode.swift; path = AppDelegate.swift; sourceTree = "<group>"; };
		E10FA3762B1B4B5E00F3FAEC /* SceneDelegate.swift */ = {isa = PBXFileReference; lastKnownFileType = sourcecode.swift; path = SceneDelegate.swift; sourceTree = "<group>"; };
		E10FA37D2B1B4B6000F3FAEC /* Assets.xcassets */ = {isa = PBXFileReference; lastKnownFileType = folder.assetcatalog; path = Assets.xcassets; sourceTree = "<group>"; };
		E10FA3802B1B4B6000F3FAEC /* Base */ = {isa = PBXFileReference; lastKnownFileType = file.storyboard; name = Base; path = Base.lproj/LaunchScreen.storyboard; sourceTree = "<group>"; };
		E10FA3822B1B4B6000F3FAEC /* Info.plist */ = {isa = PBXFileReference; lastKnownFileType = text.plist.xml; path = Info.plist; sourceTree = "<group>"; };
		E10FA3902B1B4D0000F3FAEC /* PasswordsViewController.swift */ = {isa = PBXFileReference; lastKnownFileType = sourcecode.swift; path = PasswordsViewController.swift; sourceTree = "<group>"; };
		E10FA3922B1B4D2D00F3FAEC /* SettingsViewController.swift */ = {isa = PBXFileReference; lastKnownFileType = sourcecode.swift; path = SettingsViewController.swift; sourceTree = "<group>"; };
		E10FA3942B1B4D4000F3FAEC /* CategoriesViewController.swift */ = {isa = PBXFileReference; lastKnownFileType = sourcecode.swift; path = CategoriesViewController.swift; sourceTree = "<group>"; };
		E10FA3962B1B4D6000F3FAEC /* PhotosViewController.swift */ = {isa = PBXFileReference; lastKnownFileType = sourcecode.swift; path = PhotosViewController.swift; sourceTree = "<group>"; };
		E10FA39C2B1B4DF400F3FAEC /* BaseViewController.swift */ = {isa = PBXFileReference; lastKnownFileType = sourcecode.swift; path = BaseViewController.swift; sourceTree = "<group>"; };
		E10FA3A02B1B4FA200F3FAEC /* TabBarViewController.swift */ = {isa = PBXFileReference; lastKnownFileType = sourcecode.swift; path = TabBarViewController.swift; sourceTree = "<group>"; };
		E10FA3A22B1B4FB200F3FAEC /* TabBar.storyboard */ = {isa = PBXFileReference; lastKnownFileType = file.storyboard; path = TabBar.storyboard; sourceTree = "<group>"; };
		E10FA3A52B1B7CCE00F3FAEC /* Constants.swift */ = {isa = PBXFileReference; lastKnownFileType = sourcecode.swift; path = Constants.swift; sourceTree = "<group>"; };
/* End PBXFileReference section */

/* Begin PBXFrameworksBuildPhase section */
		E10FA36E2B1B4B5E00F3FAEC /* Frameworks */ = {
			isa = PBXFrameworksBuildPhase;
			buildActionMask = 2147483647;
			files = (
			);
			runOnlyForDeploymentPostprocessing = 0;
		};
/* End PBXFrameworksBuildPhase section */

/* Begin PBXGroup section */
		E10FA3682B1B4B5E00F3FAEC = {
			isa = PBXGroup;
			children = (
				E10FA3732B1B4B5E00F3FAEC /* Ziroh */,
				E10FA3722B1B4B5E00F3FAEC /* Products */,
			);
			sourceTree = "<group>";
		};
		E10FA3722B1B4B5E00F3FAEC /* Products */ = {
			isa = PBXGroup;
			children = (
				E10FA3712B1B4B5E00F3FAEC /* Ziroh.app */,
			);
			name = Products;
			sourceTree = "<group>";
		};
		E10FA3732B1B4B5E00F3FAEC /* Ziroh */ = {
			isa = PBXGroup;
			children = (
				E10FA38E2B1B4C1A00F3FAEC /* App Lifecycle */,
				E10FA38F2B1B4C2800F3FAEC /* Modules */,
				E10FA3A42B1B527800F3FAEC /* Commans */,
				E10FA38D2B1B4C0F00F3FAEC /* Resources */,
				E10FA3822B1B4B6000F3FAEC /* Info.plist */,
			);
			path = Ziroh;
			sourceTree = "<group>";
		};
		E10FA38C2B1B4C0400F3FAEC /* Tab Bar */ = {
			isa = PBXGroup;
			children = (
				E10FA3A02B1B4FA200F3FAEC /* TabBarViewController.swift */,
				E10FA3A22B1B4FB200F3FAEC /* TabBar.storyboard */,
			);
			path = "Tab Bar";
			sourceTree = "<group>";
		};
		E10FA38D2B1B4C0F00F3FAEC /* Resources */ = {
			isa = PBXGroup;
			children = (
				E10FA37D2B1B4B6000F3FAEC /* Assets.xcassets */,
				E10FA37F2B1B4B6000F3FAEC /* LaunchScreen.storyboard */,
			);
			path = Resources;
			sourceTree = "<group>";
		};
		E10FA38E2B1B4C1A00F3FAEC /* App Lifecycle */ = {
			isa = PBXGroup;
			children = (
				E10FA3742B1B4B5E00F3FAEC /* AppDelegate.swift */,
				E10FA3762B1B4B5E00F3FAEC /* SceneDelegate.swift */,
			);
			path = "App Lifecycle";
			sourceTree = "<group>";
		};
		E10FA38F2B1B4C2800F3FAEC /* Modules */ = {
			isa = PBXGroup;
			children = (
				E10FA38C2B1B4C0400F3FAEC /* Tab Bar */,
				E10FA3982B1B4D6600F3FAEC /* Passwords */,
				E10FA39A2B1B4D8300F3FAEC /* Categories */,
				E10FA39B2B1B4D8800F3FAEC /* Photos */,
				E10FA3992B1B4D7100F3FAEC /* Settings */,
			);
			path = Modules;
			sourceTree = "<group>";
		};
		E10FA3982B1B4D6600F3FAEC /* Passwords */ = {
			isa = PBXGroup;
			children = (
				E10FA3902B1B4D0000F3FAEC /* PasswordsViewController.swift */,
			);
			path = Passwords;
			sourceTree = "<group>";
		};
		E10FA3992B1B4D7100F3FAEC /* Settings */ = {
			isa = PBXGroup;
			children = (
				E10FA3922B1B4D2D00F3FAEC /* SettingsViewController.swift */,
			);
			path = Settings;
			sourceTree = "<group>";
		};
		E10FA39A2B1B4D8300F3FAEC /* Categories */ = {
			isa = PBXGroup;
			children = (
				E10FA3942B1B4D4000F3FAEC /* CategoriesViewController.swift */,
			);
			path = Categories;
			sourceTree = "<group>";
		};
		E10FA39B2B1B4D8800F3FAEC /* Photos */ = {
			isa = PBXGroup;
			children = (
				E10FA3962B1B4D6000F3FAEC /* PhotosViewController.swift */,
			);
			path = Photos;
			sourceTree = "<group>";
		};
		E10FA3A42B1B527800F3FAEC /* Commans */ = {
			isa = PBXGroup;
			children = (
				E10FA39C2B1B4DF400F3FAEC /* BaseViewController.swift */,
				E10FA3A52B1B7CCE00F3FAEC /* Constants.swift */,
			);
			path = Commans;
			sourceTree = "<group>";
		};
/* End PBXGroup section */

/* Begin PBXNativeTarget section */
		E10FA3702B1B4B5E00F3FAEC /* Ziroh */ = {
			isa = PBXNativeTarget;
			buildConfigurationList = E10FA3852B1B4B6000F3FAEC /* Build configuration list for PBXNativeTarget "Ziroh" */;
			buildPhases = (
				E10FA36D2B1B4B5E00F3FAEC /* Sources */,
				E10FA36E2B1B4B5E00F3FAEC /* Frameworks */,
				E10FA36F2B1B4B5E00F3FAEC /* Resources */,
			);
			buildRules = (
			);
			dependencies = (
			);
			name = Ziroh;
			productName = Ziroh;
			productReference = E10FA3712B1B4B5E00F3FAEC /* Ziroh.app */;
			productType = "com.apple.product-type.application";
		};
/* End PBXNativeTarget section */

/* Begin PBXProject section */
		E10FA3692B1B4B5E00F3FAEC /* Project object */ = {
			isa = PBXProject;
			attributes = {
				BuildIndependentTargetsInParallel = 1;
				LastSwiftUpdateCheck = 1500;
				LastUpgradeCheck = 1500;
				TargetAttributes = {
					E10FA3702B1B4B5E00F3FAEC = {
						CreatedOnToolsVersion = 15.0.1;
					};
				};
			};
			buildConfigurationList = E10FA36C2B1B4B5E00F3FAEC /* Build configuration list for PBXProject "Ziroh" */;
			compatibilityVersion = "Xcode 14.0";
			developmentRegion = en;
			hasScannedForEncodings = 0;
			knownRegions = (
				en,
				Base,
			);
			mainGroup = E10FA3682B1B4B5E00F3FAEC;
			productRefGroup = E10FA3722B1B4B5E00F3FAEC /* Products */;
			projectDirPath = "";
			projectRoot = "";
			targets = (
				E10FA3702B1B4B5E00F3FAEC /* Ziroh */,
			);
		};
/* End PBXProject section */

/* Begin PBXResourcesBuildPhase section */
		E10FA36F2B1B4B5E00F3FAEC /* Resources */ = {
			isa = PBXResourcesBuildPhase;
			buildActionMask = 2147483647;
			files = (
				E10FA3812B1B4B6000F3FAEC /* LaunchScreen.storyboard in Resources */,
				E10FA3A32B1B4FB200F3FAEC /* TabBar.storyboard in Resources */,
				E10FA37E2B1B4B6000F3FAEC /* Assets.xcassets in Resources */,
			);
			runOnlyForDeploymentPostprocessing = 0;
		};
/* End PBXResourcesBuildPhase section */

/* Begin PBXSourcesBuildPhase section */
		E10FA36D2B1B4B5E00F3FAEC /* Sources */ = {
			isa = PBXSourcesBuildPhase;
			buildActionMask = 2147483647;
			files = (
				E10FA3A12B1B4FA200F3FAEC /* TabBarViewController.swift in Sources */,
				E10FA3752B1B4B5E00F3FAEC /* AppDelegate.swift in Sources */,
				E10FA3912B1B4D0000F3FAEC /* PasswordsViewController.swift in Sources */,
				E10FA3952B1B4D4000F3FAEC /* CategoriesViewController.swift in Sources */,
				E10FA3972B1B4D6000F3FAEC /* PhotosViewController.swift in Sources */,
				E10FA39D2B1B4DF400F3FAEC /* BaseViewController.swift in Sources */,
				E10FA3932B1B4D2D00F3FAEC /* SettingsViewController.swift in Sources */,
				E10FA3772B1B4B5E00F3FAEC /* SceneDelegate.swift in Sources */,
				E10FA3A62B1B7CCE00F3FAEC /* Constants.swift in Sources */,
			);
			runOnlyForDeploymentPostprocessing = 0;
		};
/* End PBXSourcesBuildPhase section */

/* Begin PBXVariantGroup section */
		E10FA37F2B1B4B6000F3FAEC /* LaunchScreen.storyboard */ = {
			isa = PBXVariantGroup;
			children = (
				E10FA3802B1B4B6000F3FAEC /* Base */,
			);
			name = LaunchScreen.storyboard;
			sourceTree = "<group>";
		};
/* End PBXVariantGroup section */

/* Begin XCBuildConfiguration section */
		E10FA3832B1B4B6000F3FAEC /* Debug */ = {
			isa = XCBuildConfiguration;
			buildSettings = {
				ALWAYS_SEARCH_USER_PATHS = NO;
				ASSETCATALOG_COMPILER_GENERATE_SWIFT_ASSET_SYMBOL_EXTENSIONS = YES;
				CLANG_ANALYZER_NONNULL = YES;
				CLANG_ANALYZER_NUMBER_OBJECT_CONVERSION = YES_AGGRESSIVE;
				CLANG_CXX_LANGUAGE_STANDARD = "gnu++20";
				CLANG_ENABLE_MODULES = YES;
				CLANG_ENABLE_OBJC_ARC = YES;
				CLANG_ENABLE_OBJC_WEAK = YES;
				CLANG_WARN_BLOCK_CAPTURE_AUTORELEASING = YES;
				CLANG_WARN_BOOL_CONVERSION = YES;
				CLANG_WARN_COMMA = YES;
				CLANG_WARN_CONSTANT_CONVERSION = YES;
				CLANG_WARN_DEPRECATED_OBJC_IMPLEMENTATIONS = YES;
				CLANG_WARN_DIRECT_OBJC_ISA_USAGE = YES_ERROR;
				CLANG_WARN_DOCUMENTATION_COMMENTS = YES;
				CLANG_WARN_EMPTY_BODY = YES;
				CLANG_WARN_ENUM_CONVERSION = YES;
				CLANG_WARN_INFINITE_RECURSION = YES;
				CLANG_WARN_INT_CONVERSION = YES;
				CLANG_WARN_NON_LITERAL_NULL_CONVERSION = YES;
				CLANG_WARN_OBJC_IMPLICIT_RETAIN_SELF = YES;
				CLANG_WARN_OBJC_LITERAL_CONVERSION = YES;
				CLANG_WARN_OBJC_ROOT_CLASS = YES_ERROR;
				CLANG_WARN_QUOTED_INCLUDE_IN_FRAMEWORK_HEADER = YES;
				CLANG_WARN_RANGE_LOOP_ANALYSIS = YES;
				CLANG_WARN_STRICT_PROTOTYPES = YES;
				CLANG_WARN_SUSPICIOUS_MOVE = YES;
				CLANG_WARN_UNGUARDED_AVAILABILITY = YES_AGGRESSIVE;
				CLANG_WARN_UNREACHABLE_CODE = YES;
				CLANG_WARN__DUPLICATE_METHOD_MATCH = YES;
				COPY_PHASE_STRIP = NO;
				DEBUG_INFORMATION_FORMAT = dwarf;
				ENABLE_STRICT_OBJC_MSGSEND = YES;
				ENABLE_TESTABILITY = YES;
				ENABLE_USER_SCRIPT_SANDBOXING = YES;
				GCC_C_LANGUAGE_STANDARD = gnu17;
				GCC_DYNAMIC_NO_PIC = NO;
				GCC_NO_COMMON_BLOCKS = YES;
				GCC_OPTIMIZATION_LEVEL = 0;
				GCC_PREPROCESSOR_DEFINITIONS = (
					"DEBUG=1",
					"$(inherited)",
				);
				GCC_WARN_64_TO_32_BIT_CONVERSION = YES;
				GCC_WARN_ABOUT_RETURN_TYPE = YES_ERROR;
				GCC_WARN_UNDECLARED_SELECTOR = YES;
				GCC_WARN_UNINITIALIZED_AUTOS = YES_AGGRESSIVE;
				GCC_WARN_UNUSED_FUNCTION = YES;
				GCC_WARN_UNUSED_VARIABLE = YES;
				IPHONEOS_DEPLOYMENT_TARGET = 17.0;
				LOCALIZATION_PREFERS_STRING_CATALOGS = YES;
				MTL_ENABLE_DEBUG_INFO = INCLUDE_SOURCE;
				MTL_FAST_MATH = YES;
				ONLY_ACTIVE_ARCH = YES;
				SDKROOT = iphoneos;
				SWIFT_ACTIVE_COMPILATION_CONDITIONS = "DEBUG $(inherited)";
				SWIFT_OPTIMIZATION_LEVEL = "-Onone";
			};
			name = Debug;
		};
		E10FA3842B1B4B6000F3FAEC /* Release */ = {
			isa = XCBuildConfiguration;
			buildSettings = {
				ALWAYS_SEARCH_USER_PATHS = NO;
				ASSETCATALOG_COMPILER_GENERATE_SWIFT_ASSET_SYMBOL_EXTENSIONS = YES;
				CLANG_ANALYZER_NONNULL = YES;
				CLANG_ANALYZER_NUMBER_OBJECT_CONVERSION = YES_AGGRESSIVE;
				CLANG_CXX_LANGUAGE_STANDARD = "gnu++20";
				CLANG_ENABLE_MODULES = YES;
				CLANG_ENABLE_OBJC_ARC = YES;
				CLANG_ENABLE_OBJC_WEAK = YES;
				CLANG_WARN_BLOCK_CAPTURE_AUTORELEASING = YES;
				CLANG_WARN_BOOL_CONVERSION = YES;
				CLANG_WARN_COMMA = YES;
				CLANG_WARN_CONSTANT_CONVERSION = YES;
				CLANG_WARN_DEPRECATED_OBJC_IMPLEMENTATIONS = YES;
				CLANG_WARN_DIRECT_OBJC_ISA_USAGE = YES_ERROR;
				CLANG_WARN_DOCUMENTATION_COMMENTS = YES;
				CLANG_WARN_EMPTY_BODY = YES;
				CLANG_WARN_ENUM_CONVERSION = YES;
				CLANG_WARN_INFINITE_RECURSION = YES;
				CLANG_WARN_INT_CONVERSION = YES;
				CLANG_WARN_NON_LITERAL_NULL_CONVERSION = YES;
				CLANG_WARN_OBJC_IMPLICIT_RETAIN_SELF = YES;
				CLANG_WARN_OBJC_LITERAL_CONVERSION = YES;
				CLANG_WARN_OBJC_ROOT_CLASS = YES_ERROR;
				CLANG_WARN_QUOTED_INCLUDE_IN_FRAMEWORK_HEADER = YES;
				CLANG_WARN_RANGE_LOOP_ANALYSIS = YES;
				CLANG_WARN_STRICT_PROTOTYPES = YES;
				CLANG_WARN_SUSPICIOUS_MOVE = YES;
				CLANG_WARN_UNGUARDED_AVAILABILITY = YES_AGGRESSIVE;
				CLANG_WARN_UNREACHABLE_CODE = YES;
				CLANG_WARN__DUPLICATE_METHOD_MATCH = YES;
				COPY_PHASE_STRIP = NO;
				DEBUG_INFORMATION_FORMAT = "dwarf-with-dsym";
				ENABLE_NS_ASSERTIONS = NO;
				ENABLE_STRICT_OBJC_MSGSEND = YES;
				ENABLE_USER_SCRIPT_SANDBOXING = YES;
				GCC_C_LANGUAGE_STANDARD = gnu17;
				GCC_NO_COMMON_BLOCKS = YES;
				GCC_WARN_64_TO_32_BIT_CONVERSION = YES;
				GCC_WARN_ABOUT_RETURN_TYPE = YES_ERROR;
				GCC_WARN_UNDECLARED_SELECTOR = YES;
				GCC_WARN_UNINITIALIZED_AUTOS = YES_AGGRESSIVE;
				GCC_WARN_UNUSED_FUNCTION = YES;
				GCC_WARN_UNUSED_VARIABLE = YES;
				IPHONEOS_DEPLOYMENT_TARGET = 17.0;
				LOCALIZATION_PREFERS_STRING_CATALOGS = YES;
				MTL_ENABLE_DEBUG_INFO = NO;
				MTL_FAST_MATH = YES;
				SDKROOT = iphoneos;
				SWIFT_COMPILATION_MODE = wholemodule;
				VALIDATE_PRODUCT = YES;
			};
			name = Release;
		};
		E10FA3862B1B4B6000F3FAEC /* Debug */ = {
			isa = XCBuildConfiguration;
			buildSettings = {
				ASSETCATALOG_COMPILER_APPICON_NAME = AppIcon;
				ASSETCATALOG_COMPILER_GLOBAL_ACCENT_COLOR_NAME = AccentColor;
				CODE_SIGN_STYLE = Automatic;
				CURRENT_PROJECT_VERSION = 1;
				GENERATE_INFOPLIST_FILE = YES;
				INFOPLIST_FILE = Ziroh/Info.plist;
				INFOPLIST_KEY_UIApplicationSupportsIndirectInputEvents = YES;
				INFOPLIST_KEY_UILaunchStoryboardName = LaunchScreen;
				INFOPLIST_KEY_UIMainStoryboardFile = TabBar;
				INFOPLIST_KEY_UISupportedInterfaceOrientations_iPad = "UIInterfaceOrientationPortrait UIInterfaceOrientationPortraitUpsideDown UIInterfaceOrientationLandscapeLeft UIInterfaceOrientationLandscapeRight";
				INFOPLIST_KEY_UISupportedInterfaceOrientations_iPhone = "UIInterfaceOrientationPortrait UIInterfaceOrientationLandscapeLeft UIInterfaceOrientationLandscapeRight";
				LD_RUNPATH_SEARCH_PATHS = (
					"$(inherited)",
					"@executable_path/Frameworks",
				);
				MARKETING_VERSION = 1.0;
				PRODUCT_BUNDLE_IDENTIFIER = SRK.Ziroh;
				PRODUCT_NAME = "$(TARGET_NAME)";
				SWIFT_EMIT_LOC_STRINGS = YES;
				SWIFT_VERSION = 5.0;
				TARGETED_DEVICE_FAMILY = "1,2";
			};
			name = Debug;
		};
		E10FA3872B1B4B6000F3FAEC /* Release */ = {
			isa = XCBuildConfiguration;
			buildSettings = {
				ASSETCATALOG_COMPILER_APPICON_NAME = AppIcon;
				ASSETCATALOG_COMPILER_GLOBAL_ACCENT_COLOR_NAME = AccentColor;
				CODE_SIGN_STYLE = Automatic;
				CURRENT_PROJECT_VERSION = 1;
				GENERATE_INFOPLIST_FILE = YES;
				INFOPLIST_FILE = Ziroh/Info.plist;
				INFOPLIST_KEY_UIApplicationSupportsIndirectInputEvents = YES;
				INFOPLIST_KEY_UILaunchStoryboardName = LaunchScreen;
				INFOPLIST_KEY_UIMainStoryboardFile = TabBar;
				INFOPLIST_KEY_UISupportedInterfaceOrientations_iPad = "UIInterfaceOrientationPortrait UIInterfaceOrientationPortraitUpsideDown UIInterfaceOrientationLandscapeLeft UIInterfaceOrientationLandscapeRight";
				INFOPLIST_KEY_UISupportedInterfaceOrientations_iPhone = "UIInterfaceOrientationPortrait UIInterfaceOrientationLandscapeLeft UIInterfaceOrientationLandscapeRight";
				LD_RUNPATH_SEARCH_PATHS = (
					"$(inherited)",
					"@executable_path/Frameworks",
				);
				MARKETING_VERSION = 1.0;
				PRODUCT_BUNDLE_IDENTIFIER = SRK.Ziroh;
				PRODUCT_NAME = "$(TARGET_NAME)";
				SWIFT_EMIT_LOC_STRINGS = YES;
				SWIFT_VERSION = 5.0;
				TARGETED_DEVICE_FAMILY = "1,2";
			};
			name = Release;
		};
/* End XCBuildConfiguration section */

/* Begin XCConfigurationList section */
		E10FA36C2B1B4B5E00F3FAEC /* Build configuration list for PBXProject "Ziroh" */ = {
			isa = XCConfigurationList;
			buildConfigurations = (
				E10FA3832B1B4B6000F3FAEC /* Debug */,
				E10FA3842B1B4B6000F3FAEC /* Release */,
			);
			defaultConfigurationIsVisible = 0;
			defaultConfigurationName = Release;
		};
		E10FA3852B1B4B6000F3FAEC /* Build configuration list for PBXNativeTarget "Ziroh" */ = {
			isa = XCConfigurationList;
			buildConfigurations = (
				E10FA3862B1B4B6000F3FAEC /* Debug */,
				E10FA3872B1B4B6000F3FAEC /* Release */,
			);
			defaultConfigurationIsVisible = 0;
			defaultConfigurationName = Release;
		};
/* End XCConfigurationList section */
	};
	rootObject = E10FA3692B1B4B5E00F3FAEC /* Project object */;
}
